
Microsoft Visual Studio Solution File, Format Version 12.00
# Visual Studio Version 17
VisualStudioVersion = 17.11.35303.130
MinimumVisualStudioVersion = 10.0.40219.1
Project("{2150E333-8FDC-42A3-9474-1A3956D46DE8}") = "Task0", "Task0", "{E373405F-1529-4639-A9A2-14DFDD35037A}"
EndProject
Project("{9A19103F-16F7-4668-BE54-9A1E7A4F7556}") = "Tyuiu.LavrinovichED.Sprint0.Task0.V0", "Tyuiu.LavrinovichED.Sprint0.Task0.V0\Tyuiu.LavrinovichED.Sprint0.Task0.V0.csproj", "{FB18CF7E-A52C-4C53-90FC-2E3E7C8ECBD3}"
EndProject
Project("{2150E333-8FDC-42A3-9474-1A3956D46DE8}") = "Task1", "Task1", "{E1257DE9-E88B-4D32-A082-8DBE012DA053}"
EndProject
Project("{9A19103F-16F7-4668-BE54-9A1E7A4F7556}") = "Tyuiu.LavrinovichED.Sprint0.Task1.V0", "Tyuiu.LavrinovichED.Sprint0.Task1.V0\Tyuiu.LavrinovichED.Sprint0.Task1.V0.csproj", "{96D22EF8-A0BE-43AC-AF88-2C23B7EAEC40}"
EndProject
Project("{2150E333-8FDC-42A3-9474-1A3956D46DE8}") = "Task2", "Task2", "{0E69F49D-7C5C-45C7-8F9C-7001784AD943}"
EndProject
Project("{9A19103F-16F7-4668-BE54-9A1E7A4F7556}") = "Tyuiu.LavrinovichED.Sprint0.Task2.V0", "Tyuiu.LavrinpvichED.Spprint0.Task2.V0\Tyuiu.LavrinovichED.Sprint0.Task2.V0.csproj", "{BAFBBFB0-83A9-4F0E-A74A-46DE34E0CEDF}"
EndProject
Project("{9A19103F-16F7-4668-BE54-9A1E7A4F7556}") = "Tyuiu.LavrinovichED.Sprint0.Task2.V0.Lib", "Tyuiu.LavrinovichED.Sprint0.V0.Lib\Tyuiu.LavrinovichED.Sprint0.Task2.V0.Lib.csproj", "{12E19145-A0A4-400F-B2E2-3BAECEB480E2}"
EndProject
Project("{9A19103F-16F7-4668-BE54-9A1E7A4F7556}") = "Tyuiu.LavrinovichED.Sprint0.Task2.V0.Test", "Tyuiu.LavrinovichED.Sprint0.Task2.V0.Test\Tyuiu.LavrinovichED.Sprint0.Task2.V0.Test.csproj", "{C50531E5-47DC-45B1-A6F0-75B4D8A1F5BC}"
EndProject
Project("{2150E333-8FDC-42A3-9474-1A3956D46DE8}") = "Task3", "Task3", "{40F75295-4FCF-483D-9501-596FB93B1BE5}"
EndProject
Project("{9A19103F-16F7-4668-BE54-9A1E7A4F7556}") = "Tyuiu.LavrinovichED.Sprint0.Task3.V0", "Tyuiu.LavrinovivhEd.Sprint0.Task3.V0\Tyuiu.LavrinovichED.Sprint0.Task3.V0.csproj", "{814E579C-DCA8-4267-9438-1A8DE5EB3D15}"
EndProject
Project("{9A19103F-16F7-4668-BE54-9A1E7A4F7556}") = "Tyuiu.LavrinovichED.Sprint0.Task3.V0.Lib", "Tyuiu.LavrinovichED.Sprint0.Task3.V0.Lib\Tyuiu.LavrinovichED.Sprint0.Task3.V0.Lib.csproj", "{E2905F3E-4BF2-48E7-97AF-0B268A39F9FE}"
EndProject
Project("{9A19103F-16F7-4668-BE54-9A1E7A4F7556}") = "Tyuiu.LavrinovichED.Sprint0.Task3.V0.Test", "Tyuiu.LavrinovichED.Sprint0.Task3.V0.Test\Tyuiu.LavrinovichED.Sprint0.Task3.V0.Test.csproj", "{6BD68917-D8D6-4C33-8029-785CA73F7298}"
EndProject
Project("{2150E333-8FDC-42A3-9474-1A3956D46DE8}") = "Task4", "Task4", "{616C42BE-55F3-4D38-B4A6-EADE44706D5C}"
EndProject
Project("{9A19103F-16F7-4668-BE54-9A1E7A4F7556}") = "Tyuiu.LavrinovichED.Sprint0.Task4.V0", "Tyuiu.LavrinovichED.Sprint0.Task4.V0\Tyuiu.LavrinovichED.Sprint0.Task4.V0.csproj", "{33B208E8-410E-44ED-96EE-8837F3B90FD5}"
EndProject
Project("{9A19103F-16F7-4668-BE54-9A1E7A4F7556}") = "Tyuiu.LavrinovichED.Sprint0.Task4.V0.Lib", "Tyuiu.LavrinovichED.Sprint0.Task4.V0.Lib\Tyuiu.LavrinovichED.Sprint0.Task4.V0.Lib.csproj", "{49D7E45D-EC15-479F-8B2A-36C3DD390D61}"
EndProject
Project("{9A19103F-16F7-4668-BE54-9A1E7A4F7556}") = "Tyuiu.LavrinovichED.Sprint0.Task4.V0.Test", "Tyuiu.LavrinovichED.Sprint0.Task4.V0.Test\Tyuiu.LavrinovichED.Sprint0.Task4.V0.Test.csproj", "{41F6A127-B975-4437-A880-A1AC8F65A29A}"
EndProject
Project("{2150E333-8FDC-42A3-9474-1A3956D46DE8}") = "Task5", "Task5", "{89F33768-D97D-432F-9D9F-18934988EAD3}"
EndProject
Project("{9A19103F-16F7-4668-BE54-9A1E7A4F7556}") = "Tyuiu.LavrinovichED.Sprint0.Task5.V0", "Tyuiu.LavrinovichED.Sprint0.Task5.V0\Tyuiu.LavrinovichED.Sprint0.Task5.V0.csproj", "{E8E7D89E-77CB-4EE6-A9E6-AF9765507086}"
EndProject
Project("{9A19103F-16F7-4668-BE54-9A1E7A4F7556}") = "Tyuiu.LavrinovichED.Sprint0.Task5.V0.Test", "Tyuiu.LavrinovichED.Sprint0.Task5.V0.Test\Tyuiu.LavrinovichED.Sprint0.Task5.V0.Test.csproj", "{FD97FBBB-04A0-411F-A291-CB499EEC6074}"
EndProject
Project("{9A19103F-16F7-4668-BE54-9A1E7A4F7556}") = "Tyuiu.LavrinovichED.Sprint0.Task5.V0.Lib", "Tyuiu.LavrinovichED.Sprint0.Task5.V0.Lib\Tyuiu.LavrinovichED.Sprint0.Task5.V0.Lib.csproj", "{D5A90D50-F3EF-411E-98DA-6888EA96D1F8}"
EndProject
Project("{2150E333-8FDC-42A3-9474-1A3956D46DE8}") = "Task6", "Task6", "{27AEAFF9-F7EA-41D8-AF60-7E56DE5540E4}"
EndProject
Project("{FAE04EC0-301F-11D3-BF4B-00C04F79EFBC}") = "Tyuiu.LavrinovichED.Sprint0.Task6.V0", "Tyuiu.LavrinovichED.Sprint0.Task6.V0\Tyuiu.LavrinovichED.Sprint0.Task6.V0.csproj", "{46A39C97-CCA9-45F9-B1AB-15A6C3DE2E82}"
EndProject
Project("{FAE04EC0-301F-11D3-BF4B-00C04F79EFBC}") = "Tyuiu.LavrinovichED.Sprint0.Task6.V0.Lib", "Tyuiu.LavrinovichED.Sprint0.Task6.V0.Lib\Tyuiu.LavrinovichED.Sprint0.Task6.V0.Lib.csproj", "{BE47EE2C-B98E-4363-95B8-34D0FDE05B93}"
EndProject
Project("{FAE04EC0-301F-11D3-BF4B-00C04F79EFBC}") = "Tyuiu.LavrinovichED.Sprint0.Task6.V0.Test", "Tyuiu.LavrinovichED.Sprint0.Task6.V0.Test\Tyuiu.LavrinovichED.Sprint0.Task6.V0.Test.csproj", "{FAB44C02-DC7E-4366-8D6A-3FE08FA9914B}"
EndProject
Global
	GlobalSection(SolutionConfigurationPlatforms) = preSolution
		Debug|Any CPU = Debug|Any CPU
		Release|Any CPU = Release|Any CPU
	EndGlobalSection
	GlobalSection(ProjectConfigurationPlatforms) = postSolution
		{FB18CF7E-A52C-4C53-90FC-2E3E7C8ECBD3}.Debug|Any CPU.ActiveCfg = Debug|Any CPU
		{FB18CF7E-A52C-4C53-90FC-2E3E7C8ECBD3}.Debug|Any CPU.Build.0 = Debug|Any CPU
		{FB18CF7E-A52C-4C53-90FC-2E3E7C8ECBD3}.Release|Any CPU.ActiveCfg = Release|Any CPU
		{FB18CF7E-A52C-4C53-90FC-2E3E7C8ECBD3}.Release|Any CPU.Build.0 = Release|Any CPU
		{96D22EF8-A0BE-43AC-AF88-2C23B7EAEC40}.Debug|Any CPU.ActiveCfg = Debug|Any CPU
		{96D22EF8-A0BE-43AC-AF88-2C23B7EAEC40}.Debug|Any CPU.Build.0 = Debug|Any CPU
		{96D22EF8-A0BE-43AC-AF88-2C23B7EAEC40}.Release|Any CPU.ActiveCfg = Release|Any CPU
		{96D22EF8-A0BE-43AC-AF88-2C23B7EAEC40}.Release|Any CPU.Build.0 = Release|Any CPU
		{BAFBBFB0-83A9-4F0E-A74A-46DE34E0CEDF}.Debug|Any CPU.ActiveCfg = Debug|Any CPU
		{BAFBBFB0-83A9-4F0E-A74A-46DE34E0CEDF}.Debug|Any CPU.Build.0 = Debug|Any CPU
		{BAFBBFB0-83A9-4F0E-A74A-46DE34E0CEDF}.Release|Any CPU.ActiveCfg = Release|Any CPU
		{BAFBBFB0-83A9-4F0E-A74A-46DE34E0CEDF}.Release|Any CPU.Build.0 = Release|Any CPU
		{12E19145-A0A4-400F-B2E2-3BAECEB480E2}.Debug|Any CPU.ActiveCfg = Debug|Any CPU
		{12E19145-A0A4-400F-B2E2-3BAECEB480E2}.Debug|Any CPU.Build.0 = Debug|Any CPU
		{12E19145-A0A4-400F-B2E2-3BAECEB480E2}.Release|Any CPU.ActiveCfg = Release|Any CPU
		{12E19145-A0A4-400F-B2E2-3BAECEB480E2}.Release|Any CPU.Build.0 = Release|Any CPU
		{C50531E5-47DC-45B1-A6F0-75B4D8A1F5BC}.Debug|Any CPU.ActiveCfg = Debug|Any CPU
		{C50531E5-47DC-45B1-A6F0-75B4D8A1F5BC}.Debug|Any CPU.Build.0 = Debug|Any CPU
		{C50531E5-47DC-45B1-A6F0-75B4D8A1F5BC}.Release|Any CPU.ActiveCfg = Release|Any CPU
		{C50531E5-47DC-45B1-A6F0-75B4D8A1F5BC}.Release|Any CPU.Build.0 = Release|Any CPU
		{814E579C-DCA8-4267-9438-1A8DE5EB3D15}.Debug|Any CPU.ActiveCfg = Debug|Any CPU
		{814E579C-DCA8-4267-9438-1A8DE5EB3D15}.Debug|Any CPU.Build.0 = Debug|Any CPU
		{814E579C-DCA8-4267-9438-1A8DE5EB3D15}.Release|Any CPU.ActiveCfg = Release|Any CPU
		{814E579C-DCA8-4267-9438-1A8DE5EB3D15}.Release|Any CPU.Build.0 = Release|Any CPU
		{E2905F3E-4BF2-48E7-97AF-0B268A39F9FE}.Debug|Any CPU.ActiveCfg = Debug|Any CPU
		{E2905F3E-4BF2-48E7-97AF-0B268A39F9FE}.Debug|Any CPU.Build.0 = Debug|Any CPU
		{E2905F3E-4BF2-48E7-97AF-0B268A39F9FE}.Release|Any CPU.ActiveCfg = Release|Any CPU
		{E2905F3E-4BF2-48E7-97AF-0B268A39F9FE}.Release|Any CPU.Build.0 = Release|Any CPU
		{6BD68917-D8D6-4C33-8029-785CA73F7298}.Debug|Any CPU.ActiveCfg = Debug|Any CPU
		{6BD68917-D8D6-4C33-8029-785CA73F7298}.Debug|Any CPU.Build.0 = Debug|Any CPU
		{6BD68917-D8D6-4C33-8029-785CA73F7298}.Release|Any CPU.ActiveCfg = Release|Any CPU
		{6BD68917-D8D6-4C33-8029-785CA73F7298}.Release|Any CPU.Build.0 = Release|Any CPU
		{33B208E8-410E-44ED-96EE-8837F3B90FD5}.Debug|Any CPU.ActiveCfg = Debug|Any CPU
		{33B208E8-410E-44ED-96EE-8837F3B90FD5}.Debug|Any CPU.Build.0 = Debug|Any CPU
		{33B208E8-410E-44ED-96EE-8837F3B90FD5}.Release|Any CPU.ActiveCfg = Release|Any CPU
		{33B208E8-410E-44ED-96EE-8837F3B90FD5}.Release|Any CPU.Build.0 = Release|Any CPU
		{49D7E45D-EC15-479F-8B2A-36C3DD390D61}.Debug|Any CPU.ActiveCfg = Debug|Any CPU
		{49D7E45D-EC15-479F-8B2A-36C3DD390D61}.Debug|Any CPU.Build.0 = Debug|Any CPU
		{49D7E45D-EC15-479F-8B2A-36C3DD390D61}.Release|Any CPU.ActiveCfg = Release|Any CPU
		{49D7E45D-EC15-479F-8B2A-36C3DD390D61}.Release|Any CPU.Build.0 = Release|Any CPU
		{41F6A127-B975-4437-A880-A1AC8F65A29A}.Debug|Any CPU.ActiveCfg = Debug|Any CPU
		{41F6A127-B975-4437-A880-A1AC8F65A29A}.Debug|Any CPU.Build.0 = Debug|Any CPU
		{41F6A127-B975-4437-A880-A1AC8F65A29A}.Release|Any CPU.ActiveCfg = Release|Any CPU
		{41F6A127-B975-4437-A880-A1AC8F65A29A}.Release|Any CPU.Build.0 = Release|Any CPU
		{E8E7D89E-77CB-4EE6-A9E6-AF9765507086}.Debug|Any CPU.ActiveCfg = Debug|Any CPU
		{E8E7D89E-77CB-4EE6-A9E6-AF9765507086}.Debug|Any CPU.Build.0 = Debug|Any CPU
		{E8E7D89E-77CB-4EE6-A9E6-AF9765507086}.Release|Any CPU.ActiveCfg = Release|Any CPU
		{E8E7D89E-77CB-4EE6-A9E6-AF9765507086}.Release|Any CPU.Build.0 = Release|Any CPU
		{FD97FBBB-04A0-411F-A291-CB499EEC6074}.Debug|Any CPU.ActiveCfg = Debug|Any CPU
		{FD97FBBB-04A0-411F-A291-CB499EEC6074}.Debug|Any CPU.Build.0 = Debug|Any CPU
		{FD97FBBB-04A0-411F-A291-CB499EEC6074}.Release|Any CPU.ActiveCfg = Release|Any CPU
		{FD97FBBB-04A0-411F-A291-CB499EEC6074}.Release|Any CPU.Build.0 = Release|Any CPU
		{D5A90D50-F3EF-411E-98DA-6888EA96D1F8}.Debug|Any CPU.ActiveCfg = Debug|Any CPU
		{D5A90D50-F3EF-411E-98DA-6888EA96D1F8}.Debug|Any CPU.Build.0 = Debug|Any CPU
		{D5A90D50-F3EF-411E-98DA-6888EA96D1F8}.Release|Any CPU.ActiveCfg = Release|Any CPU
		{D5A90D50-F3EF-411E-98DA-6888EA96D1F8}.Release|Any CPU.Build.0 = Release|Any CPU
		{46A39C97-CCA9-45F9-B1AB-15A6C3DE2E82}.Debug|Any CPU.ActiveCfg = Debug|Any CPU
		{46A39C97-CCA9-45F9-B1AB-15A6C3DE2E82}.Debug|Any CPU.Build.0 = Debug|Any CPU
		{46A39C97-CCA9-45F9-B1AB-15A6C3DE2E82}.Release|Any CPU.ActiveCfg = Release|Any CPU
		{46A39C97-CCA9-45F9-B1AB-15A6C3DE2E82}.Release|Any CPU.Build.0 = Release|Any CPU
		{BE47EE2C-B98E-4363-95B8-34D0FDE05B93}.Debug|Any CPU.ActiveCfg = Debug|Any CPU
		{BE47EE2C-B98E-4363-95B8-34D0FDE05B93}.Debug|Any CPU.Build.0 = Debug|Any CPU
		{BE47EE2C-B98E-4363-95B8-34D0FDE05B93}.Release|Any CPU.ActiveCfg = Release|Any CPU
		{BE47EE2C-B98E-4363-95B8-34D0FDE05B93}.Release|Any CPU.Build.0 = Release|Any CPU
		{FAB44C02-DC7E-4366-8D6A-3FE08FA9914B}.Debug|Any CPU.ActiveCfg = Debug|Any CPU
		{FAB44C02-DC7E-4366-8D6A-3FE08FA9914B}.Debug|Any CPU.Build.0 = Debug|Any CPU
		{FAB44C02-DC7E-4366-8D6A-3FE08FA9914B}.Release|Any CPU.ActiveCfg = Release|Any CPU
		{FAB44C02-DC7E-4366-8D6A-3FE08FA9914B}.Release|Any CPU.Build.0 = Release|Any CPU
	EndGlobalSection
	GlobalSection(SolutionProperties) = preSolution
		HideSolutionNode = FALSE
	EndGlobalSection
	GlobalSection(NestedProjects) = preSolution
		{FB18CF7E-A52C-4C53-90FC-2E3E7C8ECBD3} = {E373405F-1529-4639-A9A2-14DFDD35037A}
		{96D22EF8-A0BE-43AC-AF88-2C23B7EAEC40} = {E1257DE9-E88B-4D32-A082-8DBE012DA053}
		{BAFBBFB0-83A9-4F0E-A74A-46DE34E0CEDF} = {0E69F49D-7C5C-45C7-8F9C-7001784AD943}
		{12E19145-A0A4-400F-B2E2-3BAECEB480E2} = {0E69F49D-7C5C-45C7-8F9C-7001784AD943}
		{C50531E5-47DC-45B1-A6F0-75B4D8A1F5BC} = {0E69F49D-7C5C-45C7-8F9C-7001784AD943}
		{814E579C-DCA8-4267-9438-1A8DE5EB3D15} = {40F75295-4FCF-483D-9501-596FB93B1BE5}
		{E2905F3E-4BF2-48E7-97AF-0B268A39F9FE} = {40F75295-4FCF-483D-9501-596FB93B1BE5}
		{6BD68917-D8D6-4C33-8029-785CA73F7298} = {40F75295-4FCF-483D-9501-596FB93B1BE5}
		{33B208E8-410E-44ED-96EE-8837F3B90FD5} = {616C42BE-55F3-4D38-B4A6-EADE44706D5C}
		{49D7E45D-EC15-479F-8B2A-36C3DD390D61} = {616C42BE-55F3-4D38-B4A6-EADE44706D5C}
		{41F6A127-B975-4437-A880-A1AC8F65A29A} = {616C42BE-55F3-4D38-B4A6-EADE44706D5C}
		{E8E7D89E-77CB-4EE6-A9E6-AF9765507086} = {89F33768-D97D-432F-9D9F-18934988EAD3}
		{FD97FBBB-04A0-411F-A291-CB499EEC6074} = {89F33768-D97D-432F-9D9F-18934988EAD3}
		{D5A90D50-F3EF-411E-98DA-6888EA96D1F8} = {89F33768-D97D-432F-9D9F-18934988EAD3}
		{46A39C97-CCA9-45F9-B1AB-15A6C3DE2E82} = {27AEAFF9-F7EA-41D8-AF60-7E56DE5540E4}
		{BE47EE2C-B98E-4363-95B8-34D0FDE05B93} = {27AEAFF9-F7EA-41D8-AF60-7E56DE5540E4}
		{FAB44C02-DC7E-4366-8D6A-3FE08FA9914B} = {27AEAFF9-F7EA-41D8-AF60-7E56DE5540E4}
	EndGlobalSection
	GlobalSection(ExtensibilityGlobals) = postSolution
		SolutionGuid = {2731DC9D-9208-4DDD-A6AC-1EFD71B23252}
	EndGlobalSection
EndGlobal
